
Microsoft Visual Studio Solution File, Format Version 12.00
Project("{FAE04EC0-301F-11D3-BF4B-00C04F79EFBC}") = "TownRPG", "TownRPG.csproj", "{E9CE676B-F606-481F-8C60-FC52B06CEB7B}"
EndProject
Global
	GlobalSection(SolutionConfigurationPlatforms) = preSolution
		Debug|Any CPU = Debug|Any CPU
		Release|Any CPU = Release|Any CPU
	EndGlobalSection
	GlobalSection(ProjectConfigurationPlatforms) = postSolution
		{E9CE676B-F606-481F-8C60-FC52B06CEB7B}.Debug|Any CPU.ActiveCfg = Debug|Any CPU
		{E9CE676B-F606-481F-8C60-FC52B06CEB7B}.Debug|Any CPU.Build.0 = Debug|Any CPU
		{E9CE676B-F606-481F-8C60-FC52B06CEB7B}.Release|Any CPU.ActiveCfg = Release|Any CPU
		{E9CE676B-F606-481F-8C60-FC52B06CEB7B}.Release|Any CPU.Build.0 = Release|Any CPU
	EndGlobalSection
EndGlobal
